<?xml version="1.0" encoding="UTF-8" standalone="yes" ?>
<CodeBlocks_project_file>
	<FileVersion major="1" minor="6" />
	<Project>
		<Option title="stClock.scr" />
		<Option pch_mode="2" />
		<Option compiler="gcc" />
		<Build>
			<Target title="Debug">
				<Option output="build/bin/Debug/stClock.scr" prefix_auto="1" extension_auto="0" />
				<Option object_output="build/obj/Debug/" />
				<Option type="0" />
				<Option compiler="gcc" />
				<Compiler>
					<Add option="-g" />
				</Compiler>
			</Target>
			<Target title="Release">
				<Option output="build/bin/Release/stClock.scr" prefix_auto="1" extension_auto="0" />
				<Option object_output="build/obj/Release/" />
				<Option type="0" />
				<Option compiler="gcc" />
				<Compiler>
					<Add option="-O2" />
				</Compiler>
				<Linker>
					<Add option="-s" />
				</Linker>
			</Target>
		</Build>
		<Compiler>
			<Add option="-fexpensive-optimizations" />
			<Add option="-Wall" />
			<Add option="-fPIC" />
		</Compiler>
		<Linker>
			<Add option="-O2" />
			<Add option="-s" />
			<Add option="-static-libstdc++" />
			<Add option="-static-libgcc" />
			<Add option="-static" />
			<Add library="gdi32" />
			<Add library="gdiplus" />
			<Add library="user32" />
			<Add library="kernel32" />
			<Add library="comctl32" />
			<Add library="comdlg32" />
			<Add library="scrnsave" />
		</Linker>
		<Unit filename="Resource.rc">
			<Option compilerVar="WINDRES" />
		</Unit>
		<Unit filename="Source.cpp" />
		<Unit filename="Source.def" />
		<Unit filename="icon1.ico" />
		<Unit filename="resource.h" />
		<Extensions>
			<lib_finder disable_auto="1" />
		</Extensions>
	</Project>
</CodeBlocks_project_file>
